PODS:
  - FSCalendar (2.7.2)
  - GoogleMaps (2.2.0):
    - GoogleMaps/Maps (= 2.2.0)
  - GoogleMaps/Base (2.2.0)
  - GoogleMaps/Maps (2.2.0):
    - GoogleMaps/Base
  - MBProgressHUD (1.0.0)
  - Vialer-pjsip-iOS (2.0.1)

DEPENDENCIES:
  - FSCalendar
  - GoogleMaps
  - MBProgressHUD
  - Vialer-pjsip-iOS

SPEC CHECKSUMS:
  FSCalendar: 6200ef796dfe85005ff2fb19bbd429f8be742f86
  GoogleMaps: 104c418d61ab8a05dff06ed0784c25ea9d37da45
  MBProgressHUD: 4890f671c94e8a0f3cf959aa731e9de2f036d71a
  Vialer-pjsip-iOS: 8f9073448404525d53f3aa4b9517e3b2b9aae2c7

PODFILE CHECKSUM: edbdc087d8f24fa6421ecd53a30a580b3a07cf62

COCOAPODS: 1.2.0
